
Microsoft Visual Studio Solution File, Format Version 12.00
# Visual Studio Version 17
VisualStudioVersion = 17.5.002.0
MinimumVisualStudioVersion = 10.0.40219.1
Project("{9A19103F-16F7-4668-BE54-9A1E7A4F7556}") = "DesafioFundamentos", "DesafioFundamentos\DesafioFundamentos.csproj", "{9EBEC793-F225-493C-AA88-4454D8501FAD}"
EndProject
Global
	GlobalSection(SolutionConfigurationPlatforms) = preSolution
		Debug|Any CPU = Debug|Any CPU
		Release|Any CPU = Release|Any CPU
	EndGlobalSection
	GlobalSection(ProjectConfigurationPlatforms) = postSolution
		{9EBEC793-F225-493C-AA88-4454D8501FAD}.Debug|Any CPU.ActiveCfg = Debug|Any CPU
		{9EBEC793-F225-493C-AA88-4454D8501FAD}.Debug|Any CPU.Build.0 = Debug|Any CPU
		{9EBEC793-F225-493C-AA88-4454D8501FAD}.Release|Any CPU.ActiveCfg = Release|Any CPU
		{9EBEC793-F225-493C-AA88-4454D8501FAD}.Release|Any CPU.Build.0 = Release|Any CPU
	EndGlobalSection
	GlobalSection(SolutionProperties) = preSolution
		HideSolutionNode = FALSE
	EndGlobalSection
	GlobalSection(ExtensibilityGlobals) = postSolution
		SolutionGuid = {C232844E-1E2C-486C-A8BF-E35D3644ECFD}
	EndGlobalSection
EndGlobal
